github.com/fsnotify/fsnotify v1.4.7 h1:IXs+QLmnXW2CcXuY+8Mzv/fWEsPGWxqefPtCP5CnV9I=
github.com/fsnotify/fsnotify v1.4.7/go.mod h1:jwhsz4b93w/PPRr/qN1Yymfu8t87LnFCMoQvtojpjFo=
github.com/golang/glog v0.0.0-20160126235308-23def4e6c14b h1:VKtxabqXZkF25pY9ekfRL6a582T4P37/31XEstQ5p58=
github.com/golang/glog v0.0.0-20160126235308-23def4e6c14b/go.mod h1:SBH7ygxi8pfUlaOkMMuAQtPIUF8ecWP5IEl/CR7VP2Q=
github.com/integralist/go-findroot v0.0.0-20160518114804-ac90681525dc h1:4IZpk3M4m6ypx0IlRoEyEyY1gAdicWLMQ0NcG/gBnnA=
github.com/integralist/go-findroot v0.0.0-20160518114804-ac90681525dc/go.mod h1:UlaC6ndby46IJz9m/03cZPKKkR9ykeIVBBDE3UDBdJk=
golang.org/x/sys v0.0.0-20191128015809-6d18c012aee9 h1:ZBzSG/7F4eNKz2L3GE9o300RX0Az1Bw5HF7PDraD+qU=
golang.org/x/sys v0.0.0-20191128015809-6d18c012aee9/go.mod h1:h1NjWce9XRLGQEsW7wpKNCjG9DtNlClVuFLEZdDNbEs=
gopkg.in/fsnotify.v1 v1.4.7 h1:xOHLXZwVvI9hhs+cLKq5+I5onOuwQLhQwiu63xxlHs4=
gopkg.in/fsnotify.v1 v1.4.7/go.mod h1:Tz8NjZHkW78fSQdbUxIjBTcgA1z1m8ZHf0WmKUhAMys=
